
Microsoft Visual Studio Solution File, Format Version 12.00
# Visual Studio Version 16
VisualStudioVersion = 16.0.31613.86
MinimumVisualStudioVersion = 10.0.40219.1
Project("{FAE04EC0-301F-11D3-BF4B-00C04F79EFBC}") = "Reversi", "Reversi\Reversi.csproj", "{8942FCFD-CE4E-48CF-9C6D-47AAE8EDFEAF}"
EndProject
Project("{F2A71F9B-5D33-465A-A702-920D77279786}") = "FSAI", "FSAI\FSAI.fsproj", "{ECD1C583-1DA3-4D70-9334-26FA842D6210}"
EndProject
Global
	GlobalSection(SolutionConfigurationPlatforms) = preSolution
		Debug|Any CPU = Debug|Any CPU
		Release|Any CPU = Release|Any CPU
	EndGlobalSection
	GlobalSection(ProjectConfigurationPlatforms) = postSolution
		{8942FCFD-CE4E-48CF-9C6D-47AAE8EDFEAF}.Debug|Any CPU.ActiveCfg = Debug|Any CPU
		{8942FCFD-CE4E-48CF-9C6D-47AAE8EDFEAF}.Debug|Any CPU.Build.0 = Debug|Any CPU
		{8942FCFD-CE4E-48CF-9C6D-47AAE8EDFEAF}.Release|Any CPU.ActiveCfg = Release|Any CPU
		{8942FCFD-CE4E-48CF-9C6D-47AAE8EDFEAF}.Release|Any CPU.Build.0 = Release|Any CPU
		{ECD1C583-1DA3-4D70-9334-26FA842D6210}.Debug|Any CPU.ActiveCfg = Debug|Any CPU
		{ECD1C583-1DA3-4D70-9334-26FA842D6210}.Debug|Any CPU.Build.0 = Debug|Any CPU
		{ECD1C583-1DA3-4D70-9334-26FA842D6210}.Release|Any CPU.ActiveCfg = Release|Any CPU
		{ECD1C583-1DA3-4D70-9334-26FA842D6210}.Release|Any CPU.Build.0 = Release|Any CPU
	EndGlobalSection
	GlobalSection(SolutionProperties) = preSolution
		HideSolutionNode = FALSE
	EndGlobalSection
	GlobalSection(ExtensibilityGlobals) = postSolution
		SolutionGuid = {356F536F-2F03-4E17-ADF0-4F138798C2E8}
	EndGlobalSection
EndGlobal
